// !$*UTF8*$!
{
	archiveVersion = 1;
	classes = {
	};
	objectVersion = 50;
	objects = {

/* Begin PBXBuildFile section */
		A1117F3122083B3700E4FBB6 /* TabController.swift in Sources */ = {isa = PBXBuildFile; fileRef = A1117F3022083B3700E4FBB6 /* TabController.swift */; };
		A1117F352209990900E4FBB6 /* ImportInfo.swift in Sources */ = {isa = PBXBuildFile; fileRef = A1117F342209990900E4FBB6 /* ImportInfo.swift */; };
		A14CC86721F3B869002C4DD2 /* ActivitiesTableViewController.swift in Sources */ = {isa = PBXBuildFile; fileRef = A14CC86621F3B869002C4DD2 /* ActivitiesTableViewController.swift */; };
		A14CC86A21F3BB79002C4DD2 /* ActivityTableViewCell.swift in Sources */ = {isa = PBXBuildFile; fileRef = A14CC86821F3BB79002C4DD2 /* ActivityTableViewCell.swift */; };
		A14CC86B21F3BB79002C4DD2 /* ActivityTableViewCell.xib in Resources */ = {isa = PBXBuildFile; fileRef = A14CC86921F3BB79002C4DD2 /* ActivityTableViewCell.xib */; };
		A195169521FCBEBB00B7D03D /* BaseViewController.swift in Sources */ = {isa = PBXBuildFile; fileRef = A195169421FCBEBB00B7D03D /* BaseViewController.swift */; };
		A1C28B0821E77234004E6A23 /* AppDelegate.swift in Sources */ = {isa = PBXBuildFile; fileRef = A1C28B0721E77234004E6A23 /* AppDelegate.swift */; };
		A1C28B0D21E77234004E6A23 /* Main.storyboard in Resources */ = {isa = PBXBuildFile; fileRef = A1C28B0B21E77234004E6A23 /* Main.storyboard */; };
		A1C28B0F21E77236004E6A23 /* Assets.xcassets in Resources */ = {isa = PBXBuildFile; fileRef = A1C28B0E21E77236004E6A23 /* Assets.xcassets */; };
		A1C28B1221E77236004E6A23 /* LaunchScreen.storyboard in Resources */ = {isa = PBXBuildFile; fileRef = A1C28B1021E77236004E6A23 /* LaunchScreen.storyboard */; };
		A1C28B1A21E772E3004E6A23 /* LoginViewController.swift in Sources */ = {isa = PBXBuildFile; fileRef = A1C28B1921E772E3004E6A23 /* LoginViewController.swift */; };
		A1C28B1C21E772ED004E6A23 /* RegisterViewController.swift in Sources */ = {isa = PBXBuildFile; fileRef = A1C28B1B21E772ED004E6A23 /* RegisterViewController.swift */; };
		A1C28B1E21E772FD004E6A23 /* HomeViewController.swift in Sources */ = {isa = PBXBuildFile; fileRef = A1C28B1D21E772FD004E6A23 /* HomeViewController.swift */; };
		A1C28B2A21E893E7004E6A23 /* MainPageViewController.swift in Sources */ = {isa = PBXBuildFile; fileRef = A1C28B2921E893E7004E6A23 /* MainPageViewController.swift */; };
		A1C28B2C21E89406004E6A23 /* Intro1ViewController.swift in Sources */ = {isa = PBXBuildFile; fileRef = A1C28B2B21E89406004E6A23 /* Intro1ViewController.swift */; };
		A1C28B2E21E89428004E6A23 /* Intro2ViewController.swift in Sources */ = {isa = PBXBuildFile; fileRef = A1C28B2D21E89428004E6A23 /* Intro2ViewController.swift */; };
		A1C28B3021E89433004E6A23 /* Intro3ViewController.swift in Sources */ = {isa = PBXBuildFile; fileRef = A1C28B2F21E89433004E6A23 /* Intro3ViewController.swift */; };
		A1C28B3221E894D8004E6A23 /* MainNavigationController.swift in Sources */ = {isa = PBXBuildFile; fileRef = A1C28B3121E894D8004E6A23 /* MainNavigationController.swift */; };
		A1C28B3421E89518004E6A23 /* Utilities.swift in Sources */ = {isa = PBXBuildFile; fileRef = A1C28B3321E89518004E6A23 /* Utilities.swift */; };
		A1C28B3621E898F5004E6A23 /* IntroNavController.swift in Sources */ = {isa = PBXBuildFile; fileRef = A1C28B3521E898F5004E6A23 /* IntroNavController.swift */; };
		A1C28B7121ECDB62004E6A23 /* GoogleService-Info.plist in Resources */ = {isa = PBXBuildFile; fileRef = A1C28B7021ECDB61004E6A23 /* GoogleService-Info.plist */; };
		A1C28B9A21EE1837004E6A23 /* CourseCollectionViewCell.swift in Sources */ = {isa = PBXBuildFile; fileRef = A1C28B9821EE1837004E6A23 /* CourseCollectionViewCell.swift */; };
		A1C28B9B21EE1837004E6A23 /* CourseCollectionViewCell.xib in Resources */ = {isa = PBXBuildFile; fileRef = A1C28B9921EE1837004E6A23 /* CourseCollectionViewCell.xib */; };
		A1C28B9F21EE1AFB004E6A23 /* Course.swift in Sources */ = {isa = PBXBuildFile; fileRef = A1C28B9E21EE1AFB004E6A23 /* Course.swift */; };
		A1C28BA121EE1DC1004E6A23 /* AddCourseViewController.swift in Sources */ = {isa = PBXBuildFile; fileRef = A1C28BA021EE1DC1004E6A23 /* AddCourseViewController.swift */; };
		A1C28BA921EE2BD1004E6A23 /* Activity.swift in Sources */ = {isa = PBXBuildFile; fileRef = A1C28BA821EE2BD1004E6A23 /* Activity.swift */; };
		A1C28BAC21EE2F53004E6A23 /* AddActivityViewController.swift in Sources */ = {isa = PBXBuildFile; fileRef = A1C28BAB21EE2F53004E6A23 /* AddActivityViewController.swift */; };
		A1EF5C3922026ECD007354E7 /* User.swift in Sources */ = {isa = PBXBuildFile; fileRef = A1EF5C3822026ECD007354E7 /* User.swift */; };
		B973C25E1ABF597E75D53019 /* Pods_Kuiklass.framework in Frameworks */ = {isa = PBXBuildFile; fileRef = 0F66BAA1C2234F29613FE606 /* Pods_Kuiklass.framework */; };
/* End PBXBuildFile section */

/* Begin PBXFileReference section */
		0F66BAA1C2234F29613FE606 /* Pods_Kuiklass.framework */ = {isa = PBXFileReference; explicitFileType = wrapper.framework; includeInIndex = 0; path = Pods_Kuiklass.framework; sourceTree = BUILT_PRODUCTS_DIR; };
		333EDAA7EBECDFCD561BA160 /* Pods-Kuiklass.debug.xcconfig */ = {isa = PBXFileReference; includeInIndex = 1; lastKnownFileType = text.xcconfig; name = "Pods-Kuiklass.debug.xcconfig"; path = "Pods/Target Support Files/Pods-Kuiklass/Pods-Kuiklass.debug.xcconfig"; sourceTree = "<group>"; };
		A1117F3022083B3700E4FBB6 /* TabController.swift */ = {isa = PBXFileReference; lastKnownFileType = sourcecode.swift; path = TabController.swift; sourceTree = "<group>"; };
		A1117F342209990900E4FBB6 /* ImportInfo.swift */ = {isa = PBXFileReference; lastKnownFileType = sourcecode.swift; path = ImportInfo.swift; sourceTree = "<group>"; };
		A14CC86621F3B869002C4DD2 /* ActivitiesTableViewController.swift */ = {isa = PBXFileReference; lastKnownFileType = sourcecode.swift; path = ActivitiesTableViewController.swift; sourceTree = "<group>"; };
		A14CC86821F3BB79002C4DD2 /* ActivityTableViewCell.swift */ = {isa = PBXFileReference; lastKnownFileType = sourcecode.swift; path = ActivityTableViewCell.swift; sourceTree = "<group>"; };
		A14CC86921F3BB79002C4DD2 /* ActivityTableViewCell.xib */ = {isa = PBXFileReference; lastKnownFileType = file.xib; path = ActivityTableViewCell.xib; sourceTree = "<group>"; };
		A195169421FCBEBB00B7D03D /* BaseViewController.swift */ = {isa = PBXFileReference; lastKnownFileType = sourcecode.swift; path = BaseViewController.swift; sourceTree = "<group>"; };
		A1C28B0421E77234004E6A23 /* Kuiklass.app */ = {isa = PBXFileReference; explicitFileType = wrapper.application; includeInIndex = 0; path = Kuiklass.app; sourceTree = BUILT_PRODUCTS_DIR; };
		A1C28B0721E77234004E6A23 /* AppDelegate.swift */ = {isa = PBXFileReference; lastKnownFileType = sourcecode.swift; path = AppDelegate.swift; sourceTree = "<group>"; };
		A1C28B0C21E77234004E6A23 /* Base */ = {isa = PBXFileReference; lastKnownFileType = file.storyboard; name = Base; path = Base.lproj/Main.storyboard; sourceTree = "<group>"; };
		A1C28B0E21E77236004E6A23 /* Assets.xcassets */ = {isa = PBXFileReference; lastKnownFileType = folder.assetcatalog; path = Assets.xcassets; sourceTree = "<group>"; };
		A1C28B1121E77236004E6A23 /* Base */ = {isa = PBXFileReference; lastKnownFileType = file.storyboard; name = Base; path = Base.lproj/LaunchScreen.storyboard; sourceTree = "<group>"; };
		A1C28B1321E77236004E6A23 /* Info.plist */ = {isa = PBXFileReference; lastKnownFileType = text.plist.xml; path = Info.plist; sourceTree = "<group>"; };
		A1C28B1921E772E3004E6A23 /* LoginViewController.swift */ = {isa = PBXFileReference; lastKnownFileType = sourcecode.swift; path = LoginViewController.swift; sourceTree = "<group>"; };
		A1C28B1B21E772ED004E6A23 /* RegisterViewController.swift */ = {isa = PBXFileReference; lastKnownFileType = sourcecode.swift; path = RegisterViewController.swift; sourceTree = "<group>"; };
		A1C28B1D21E772FD004E6A23 /* HomeViewController.swift */ = {isa = PBXFileReference; lastKnownFileType = sourcecode.swift; path = HomeViewController.swift; sourceTree = "<group>"; };
		A1C28B2921E893E7004E6A23 /* MainPageViewController.swift */ = {isa = PBXFileReference; lastKnownFileType = sourcecode.swift; path = MainPageViewController.swift; sourceTree = "<group>"; };
		A1C28B2B21E89406004E6A23 /* Intro1ViewController.swift */ = {isa = PBXFileReference; lastKnownFileType = sourcecode.swift; path = Intro1ViewController.swift; sourceTree = "<group>"; };
		A1C28B2D21E89428004E6A23 /* Intro2ViewController.swift */ = {isa = PBXFileReference; lastKnownFileType = sourcecode.swift; path = Intro2ViewController.swift; sourceTree = "<group>"; };
		A1C28B2F21E89433004E6A23 /* Intro3ViewController.swift */ = {isa = PBXFileReference; lastKnownFileType = sourcecode.swift; path = Intro3ViewController.swift; sourceTree = "<group>"; };
		A1C28B3121E894D8004E6A23 /* MainNavigationController.swift */ = {isa = PBXFileReference; lastKnownFileType = sourcecode.swift; path = MainNavigationController.swift; sourceTree = "<group>"; };
		A1C28B3321E89518004E6A23 /* Utilities.swift */ = {isa = PBXFileReference; lastKnownFileType = sourcecode.swift; path = Utilities.swift; sourceTree = "<group>"; };
		A1C28B3521E898F5004E6A23 /* IntroNavController.swift */ = {isa = PBXFileReference; lastKnownFileType = sourcecode.swift; path = IntroNavController.swift; sourceTree = "<group>"; };
		A1C28B7021ECDB61004E6A23 /* GoogleService-Info.plist */ = {isa = PBXFileReference; fileEncoding = 4; lastKnownFileType = text.plist.xml; path = "GoogleService-Info.plist"; sourceTree = "<group>"; };
		A1C28B9821EE1837004E6A23 /* CourseCollectionViewCell.swift */ = {isa = PBXFileReference; lastKnownFileType = sourcecode.swift; path = CourseCollectionViewCell.swift; sourceTree = "<group>"; };
		A1C28B9921EE1837004E6A23 /* CourseCollectionViewCell.xib */ = {isa = PBXFileReference; lastKnownFileType = file.xib; path = CourseCollectionViewCell.xib; sourceTree = "<group>"; };
		A1C28B9E21EE1AFB004E6A23 /* Course.swift */ = {isa = PBXFileReference; lastKnownFileType = sourcecode.swift; path = Course.swift; sourceTree = "<group>"; };
		A1C28BA021EE1DC1004E6A23 /* AddCourseViewController.swift */ = {isa = PBXFileReference; lastKnownFileType = sourcecode.swift; path = AddCourseViewController.swift; sourceTree = "<group>"; };
		A1C28BA821EE2BD1004E6A23 /* Activity.swift */ = {isa = PBXFileReference; lastKnownFileType = sourcecode.swift; path = Activity.swift; sourceTree = "<group>"; };
		A1C28BAB21EE2F53004E6A23 /* AddActivityViewController.swift */ = {isa = PBXFileReference; lastKnownFileType = sourcecode.swift; path = AddActivityViewController.swift; sourceTree = "<group>"; };
		A1EF5C3822026ECD007354E7 /* User.swift */ = {isa = PBXFileReference; lastKnownFileType = sourcecode.swift; path = User.swift; sourceTree = "<group>"; };
		F053D44614F529D072EB8B3A /* Pods-Kuiklass.release.xcconfig */ = {isa = PBXFileReference; includeInIndex = 1; lastKnownFileType = text.xcconfig; name = "Pods-Kuiklass.release.xcconfig"; path = "Pods/Target Support Files/Pods-Kuiklass/Pods-Kuiklass.release.xcconfig"; sourceTree = "<group>"; };
/* End PBXFileReference section */

/* Begin PBXFrameworksBuildPhase section */
		A1C28B0121E77234004E6A23 /* Frameworks */ = {
			isa = PBXFrameworksBuildPhase;
			buildActionMask = 2147483647;
			files = (
				B973C25E1ABF597E75D53019 /* Pods_Kuiklass.framework in Frameworks */,
			);
			runOnlyForDeploymentPostprocessing = 0;
		};
/* End PBXFrameworksBuildPhase section */

/* Begin PBXGroup section */
		34A0EE8735B07A0878F88629 /* Frameworks */ = {
			isa = PBXGroup;
			children = (
				0F66BAA1C2234F29613FE606 /* Pods_Kuiklass.framework */,
			);
			name = Frameworks;
			sourceTree = "<group>";
		};
		5BBD90266E4674B782F3ED7C /* Pods */ = {
			isa = PBXGroup;
			children = (
				333EDAA7EBECDFCD561BA160 /* Pods-Kuiklass.debug.xcconfig */,
				F053D44614F529D072EB8B3A /* Pods-Kuiklass.release.xcconfig */,
			);
			name = Pods;
			sourceTree = "<group>";
		};
		A1C28AFB21E77234004E6A23 = {
			isa = PBXGroup;
			children = (
				A1C28B0621E77234004E6A23 /* Kuiklass */,
				A1C28B0521E77234004E6A23 /* Products */,
				5BBD90266E4674B782F3ED7C /* Pods */,
				34A0EE8735B07A0878F88629 /* Frameworks */,
			);
			sourceTree = "<group>";
		};
		A1C28B0521E77234004E6A23 /* Products */ = {
			isa = PBXGroup;
			children = (
				A1C28B0421E77234004E6A23 /* Kuiklass.app */,
			);
			name = Products;
			sourceTree = "<group>";
		};
		A1C28B0621E77234004E6A23 /* Kuiklass */ = {
			isa = PBXGroup;
			children = (
				A1C28BAA21EE2C94004E6A23 /* ActivityCell */,
				A1C28B9D21EE1AE3004E6A23 /* Models */,
				A1C28B9C21EE1843004E6A23 /* CourseCell */,
				A1C28B0721E77234004E6A23 /* AppDelegate.swift */,
				A1C28B0B21E77234004E6A23 /* Main.storyboard */,
				A1C28B0E21E77236004E6A23 /* Assets.xcassets */,
				A1C28B1021E77236004E6A23 /* LaunchScreen.storyboard */,
				A1C28B1321E77236004E6A23 /* Info.plist */,
				A1C28B1921E772E3004E6A23 /* LoginViewController.swift */,
				A1C28B1B21E772ED004E6A23 /* RegisterViewController.swift */,
				A1C28B1D21E772FD004E6A23 /* HomeViewController.swift */,
				A1C28B2921E893E7004E6A23 /* MainPageViewController.swift */,
				A1C28B2B21E89406004E6A23 /* Intro1ViewController.swift */,
				A1C28B2D21E89428004E6A23 /* Intro2ViewController.swift */,
				A1C28B2F21E89433004E6A23 /* Intro3ViewController.swift */,
				A1C28B3121E894D8004E6A23 /* MainNavigationController.swift */,
				A1C28B3321E89518004E6A23 /* Utilities.swift */,
				A1C28B3521E898F5004E6A23 /* IntroNavController.swift */,
				A1C28B7021ECDB61004E6A23 /* GoogleService-Info.plist */,
				A1C28BA021EE1DC1004E6A23 /* AddCourseViewController.swift */,
				A1C28BAB21EE2F53004E6A23 /* AddActivityViewController.swift */,
				A14CC86621F3B869002C4DD2 /* ActivitiesTableViewController.swift */,
				A195169421FCBEBB00B7D03D /* BaseViewController.swift */,
				A1117F3022083B3700E4FBB6 /* TabController.swift */,
				A1117F342209990900E4FBB6 /* ImportInfo.swift */,
			);
			path = Kuiklass;
			sourceTree = "<group>";
		};
		A1C28B9C21EE1843004E6A23 /* CourseCell */ = {
			isa = PBXGroup;
			children = (
				A1C28B9821EE1837004E6A23 /* CourseCollectionViewCell.swift */,
				A1C28B9921EE1837004E6A23 /* CourseCollectionViewCell.xib */,
			);
			path = CourseCell;
			sourceTree = "<group>";
		};
		A1C28B9D21EE1AE3004E6A23 /* Models */ = {
			isa = PBXGroup;
			children = (
				A1C28B9E21EE1AFB004E6A23 /* Course.swift */,
				A1C28BA821EE2BD1004E6A23 /* Activity.swift */,
				A1EF5C3822026ECD007354E7 /* User.swift */,
			);
			path = Models;
			sourceTree = "<group>";
		};
		A1C28BAA21EE2C94004E6A23 /* ActivityCell */ = {
			isa = PBXGroup;
			children = (
				A14CC86821F3BB79002C4DD2 /* ActivityTableViewCell.swift */,
				A14CC86921F3BB79002C4DD2 /* ActivityTableViewCell.xib */,
			);
			path = ActivityCell;
			sourceTree = "<group>";
		};
/* End PBXGroup section */

/* Begin PBXNativeTarget section */
		A1C28B0321E77234004E6A23 /* Kuiklass */ = {
			isa = PBXNativeTarget;
			buildConfigurationList = A1C28B1621E77236004E6A23 /* Build configuration list for PBXNativeTarget "Kuiklass" */;
			buildPhases = (
				7DA80C34F7C8D165CAC19FC1 /* [CP] Check Pods Manifest.lock */,
				A1C28B0021E77234004E6A23 /* Sources */,
				A1C28B0121E77234004E6A23 /* Frameworks */,
				A1C28B0221E77234004E6A23 /* Resources */,
				7ADC788D186F81537059DD0C /* [CP] Embed Pods Frameworks */,
			);
			buildRules = (
			);
			dependencies = (
			);
			name = Kuiklass;
			productName = Kuiklass;
			productReference = A1C28B0421E77234004E6A23 /* Kuiklass.app */;
			productType = "com.apple.product-type.application";
		};
/* End PBXNativeTarget section */

/* Begin PBXProject section */
		A1C28AFC21E77234004E6A23 /* Project object */ = {
			isa = PBXProject;
			attributes = {
				LastSwiftUpdateCheck = 1010;
				LastUpgradeCheck = 1010;
				ORGANIZATIONNAME = "Ana Torres";
				TargetAttributes = {
					A1C28B0321E77234004E6A23 = {
						CreatedOnToolsVersion = 10.1;
					};
				};
			};
			buildConfigurationList = A1C28AFF21E77234004E6A23 /* Build configuration list for PBXProject "Kuiklass" */;
			compatibilityVersion = "Xcode 9.3";
			developmentRegion = en;
			hasScannedForEncodings = 0;
			knownRegions = (
				en,
				Base,
			);
			mainGroup = A1C28AFB21E77234004E6A23;
			productRefGroup = A1C28B0521E77234004E6A23 /* Products */;
			projectDirPath = "";
			projectRoot = "";
			targets = (
				A1C28B0321E77234004E6A23 /* Kuiklass */,
			);
		};
/* End PBXProject section */

/* Begin PBXResourcesBuildPhase section */
		A1C28B0221E77234004E6A23 /* Resources */ = {
			isa = PBXResourcesBuildPhase;
			buildActionMask = 2147483647;
			files = (
				A1C28B1221E77236004E6A23 /* LaunchScreen.storyboard in Resources */,
				A1C28B7121ECDB62004E6A23 /* GoogleService-Info.plist in Resources */,
				A1C28B0F21E77236004E6A23 /* Assets.xcassets in Resources */,
				A1C28B0D21E77234004E6A23 /* Main.storyboard in Resources */,
				A14CC86B21F3BB79002C4DD2 /* ActivityTableViewCell.xib in Resources */,
				A1C28B9B21EE1837004E6A23 /* CourseCollectionViewCell.xib in Resources */,
			);
			runOnlyForDeploymentPostprocessing = 0;
		};
/* End PBXResourcesBuildPhase section */

/* Begin PBXShellScriptBuildPhase section */
		7ADC788D186F81537059DD0C /* [CP] Embed Pods Frameworks */ = {
			isa = PBXShellScriptBuildPhase;
			buildActionMask = 2147483647;
			files = (
			);
			inputFileListPaths = (
			);
			inputPaths = (
				"${SRCROOT}/Pods/Target Support Files/Pods-Kuiklass/Pods-Kuiklass-frameworks.sh",
				"${BUILT_PRODUCTS_DIR}/GTMSessionFetcher/GTMSessionFetcher.framework",
				"${BUILT_PRODUCTS_DIR}/GoogleUtilities/GoogleUtilities.framework",
				"${BUILT_PRODUCTS_DIR}/IQKeyboardManagerSwift/IQKeyboardManagerSwift.framework",
				"${BUILT_PRODUCTS_DIR}/leveldb-library/leveldb.framework",
				"${BUILT_PRODUCTS_DIR}/nanopb/nanopb.framework",
			);
			name = "[CP] Embed Pods Frameworks";
			outputFileListPaths = (
			);
			outputPaths = (
				"${TARGET_BUILD_DIR}/${FRAMEWORKS_FOLDER_PATH}/GTMSessionFetcher.framework",
				"${TARGET_BUILD_DIR}/${FRAMEWORKS_FOLDER_PATH}/GoogleUtilities.framework",
				"${TARGET_BUILD_DIR}/${FRAMEWORKS_FOLDER_PATH}/IQKeyboardManagerSwift.framework",
				"${TARGET_BUILD_DIR}/${FRAMEWORKS_FOLDER_PATH}/leveldb.framework",
				"${TARGET_BUILD_DIR}/${FRAMEWORKS_FOLDER_PATH}/nanopb.framework",
			);
			runOnlyForDeploymentPostprocessing = 0;
			shellPath = /bin/sh;
			shellScript = "\"${SRCROOT}/Pods/Target Support Files/Pods-Kuiklass/Pods-Kuiklass-frameworks.sh\"\n";
			showEnvVarsInLog = 0;
		};
		7DA80C34F7C8D165CAC19FC1 /* [CP] Check Pods Manifest.lock */ = {
			isa = PBXShellScriptBuildPhase;
			buildActionMask = 2147483647;
			files = (
			);
			inputFileListPaths = (
			);
			inputPaths = (
				"${PODS_PODFILE_DIR_PATH}/Podfile.lock",
				"${PODS_ROOT}/Manifest.lock",
			);
			name = "[CP] Check Pods Manifest.lock";
			outputFileListPaths = (
			);
			outputPaths = (
				"$(DERIVED_FILE_DIR)/Pods-Kuiklass-checkManifestLockResult.txt",
			);
			runOnlyForDeploymentPostprocessing = 0;
			shellPath = /bin/sh;
			shellScript = "diff \"${PODS_PODFILE_DIR_PATH}/Podfile.lock\" \"${PODS_ROOT}/Manifest.lock\" > /dev/null\nif [ $? != 0 ] ; then\n    # print error to STDERR\n    echo \"error: The sandbox is not in sync with the Podfile.lock. Run 'pod install' or update your CocoaPods installation.\" >&2\n    exit 1\nfi\n# This output is used by Xcode 'outputs' to avoid re-running this script phase.\necho \"SUCCESS\" > \"${SCRIPT_OUTPUT_FILE_0}\"\n";
			showEnvVarsInLog = 0;
		};
/* End PBXShellScriptBuildPhase section */

/* Begin PBXSourcesBuildPhase section */
		A1C28B0021E77234004E6A23 /* Sources */ = {
			isa = PBXSourcesBuildPhase;
			buildActionMask = 2147483647;
			files = (
				A1C28BA921EE2BD1004E6A23 /* Activity.swift in Sources */,
				A1C28B9F21EE1AFB004E6A23 /* Course.swift in Sources */,
				A1C28B3621E898F5004E6A23 /* IntroNavController.swift in Sources */,
				A1C28B3221E894D8004E6A23 /* MainNavigationController.swift in Sources */,
				A195169521FCBEBB00B7D03D /* BaseViewController.swift in Sources */,
				A1C28B2C21E89406004E6A23 /* Intro1ViewController.swift in Sources */,
				A1C28B3421E89518004E6A23 /* Utilities.swift in Sources */,
				A1117F3122083B3700E4FBB6 /* TabController.swift in Sources */,
				A1C28B2E21E89428004E6A23 /* Intro2ViewController.swift in Sources */,
				A1EF5C3922026ECD007354E7 /* User.swift in Sources */,
				A1117F352209990900E4FBB6 /* ImportInfo.swift in Sources */,
				A1C28B1C21E772ED004E6A23 /* RegisterViewController.swift in Sources */,
				A14CC86A21F3BB79002C4DD2 /* ActivityTableViewCell.swift in Sources */,
				A1C28B3021E89433004E6A23 /* Intro3ViewController.swift in Sources */,
				A1C28B1A21E772E3004E6A23 /* LoginViewController.swift in Sources */,
				A1C28B0821E77234004E6A23 /* AppDelegate.swift in Sources */,
				A1C28B9A21EE1837004E6A23 /* CourseCollectionViewCell.swift in Sources */,
				A1C28BA121EE1DC1004E6A23 /* AddCourseViewController.swift in Sources */,
				A1C28B2A21E893E7004E6A23 /* MainPageViewController.swift in Sources */,
				A1C28B1E21E772FD004E6A23 /* HomeViewController.swift in Sources */,
				A14CC86721F3B869002C4DD2 /* ActivitiesTableViewController.swift in Sources */,
				A1C28BAC21EE2F53004E6A23 /* AddActivityViewController.swift in Sources */,
			);
			runOnlyForDeploymentPostprocessing = 0;
		};
/* End PBXSourcesBuildPhase section */

/* Begin PBXVariantGroup section */
		A1C28B0B21E77234004E6A23 /* Main.storyboard */ = {
			isa = PBXVariantGroup;
			children = (
				A1C28B0C21E77234004E6A23 /* Base */,
			);
			name = Main.storyboard;
			sourceTree = "<group>";
		};
		A1C28B1021E77236004E6A23 /* LaunchScreen.storyboard */ = {
			isa = PBXVariantGroup;
			children = (
				A1C28B1121E77236004E6A23 /* Base */,
			);
			name = LaunchScreen.storyboard;
			sourceTree = "<group>";
		};
/* End PBXVariantGroup section */

/* Begin XCBuildConfiguration section */
		A1C28B1421E77236004E6A23 /* Debug */ = {
			isa = XCBuildConfiguration;
			buildSettings = {
				ALWAYS_SEARCH_USER_PATHS = NO;
				CLANG_ANALYZER_NONNULL = YES;
				CLANG_ANALYZER_NUMBER_OBJECT_CONVERSION = YES_AGGRESSIVE;
				CLANG_CXX_LANGUAGE_STANDARD = "gnu++14";
				CLANG_CXX_LIBRARY = "libc++";
				CLANG_ENABLE_MODULES = YES;
				CLANG_ENABLE_OBJC_ARC = YES;
				CLANG_ENABLE_OBJC_WEAK = YES;
				CLANG_WARN_BLOCK_CAPTURE_AUTORELEASING = YES;
				CLANG_WARN_BOOL_CONVERSION = YES;
				CLANG_WARN_COMMA = YES;
				CLANG_WARN_CONSTANT_CONVERSION = YES;
				CLANG_WARN_DEPRECATED_OBJC_IMPLEMENTATIONS = YES;
				CLANG_WARN_DIRECT_OBJC_ISA_USAGE = YES_ERROR;
				CLANG_WARN_DOCUMENTATION_COMMENTS = YES;
				CLANG_WARN_EMPTY_BODY = YES;
				CLANG_WARN_ENUM_CONVERSION = YES;
				CLANG_WARN_INFINITE_RECURSION = YES;
				CLANG_WARN_INT_CONVERSION = YES;
				CLANG_WARN_NON_LITERAL_NULL_CONVERSION = YES;
				CLANG_WARN_OBJC_IMPLICIT_RETAIN_SELF = YES;
				CLANG_WARN_OBJC_LITERAL_CONVERSION = YES;
				CLANG_WARN_OBJC_ROOT_CLASS = YES_ERROR;
				CLANG_WARN_RANGE_LOOP_ANALYSIS = YES;
				CLANG_WARN_STRICT_PROTOTYPES = YES;
				CLANG_WARN_SUSPICIOUS_MOVE = YES;
				CLANG_WARN_UNGUARDED_AVAILABILITY = YES_AGGRESSIVE;
				CLANG_WARN_UNREACHABLE_CODE = YES;
				CLANG_WARN__DUPLICATE_METHOD_MATCH = YES;
				CODE_SIGN_IDENTITY = "iPhone Developer";
				COPY_PHASE_STRIP = NO;
				DEBUG_INFORMATION_FORMAT = dwarf;
				ENABLE_STRICT_OBJC_MSGSEND = YES;
				ENABLE_TESTABILITY = YES;
				GCC_C_LANGUAGE_STANDARD = gnu11;
				GCC_DYNAMIC_NO_PIC = NO;
				GCC_NO_COMMON_BLOCKS = YES;
				GCC_OPTIMIZATION_LEVEL = 0;
				GCC_PREPROCESSOR_DEFINITIONS = (
					"DEBUG=1",
					"$(inherited)",
				);
				GCC_WARN_64_TO_32_BIT_CONVERSION = YES;
				GCC_WARN_ABOUT_RETURN_TYPE = YES_ERROR;
				GCC_WARN_UNDECLARED_SELECTOR = YES;
				GCC_WARN_UNINITIALIZED_AUTOS = YES_AGGRESSIVE;
				GCC_WARN_UNUSED_FUNCTION = YES;
				GCC_WARN_UNUSED_VARIABLE = YES;
				IPHONEOS_DEPLOYMENT_TARGET = 12.1;
				MTL_ENABLE_DEBUG_INFO = INCLUDE_SOURCE;
				MTL_FAST_MATH = YES;
				ONLY_ACTIVE_ARCH = YES;
				SDKROOT = iphoneos;
				SWIFT_ACTIVE_COMPILATION_CONDITIONS = DEBUG;
				SWIFT_OPTIMIZATION_LEVEL = "-Onone";
			};
			name = Debug;
		};
		A1C28B1521E77236004E6A23 /* Release */ = {
			isa = XCBuildConfiguration;
			buildSettings = {
				ALWAYS_SEARCH_USER_PATHS = NO;
				CLANG_ANALYZER_NONNULL = YES;
				CLANG_ANALYZER_NUMBER_OBJECT_CONVERSION = YES_AGGRESSIVE;
				CLANG_CXX_LANGUAGE_STANDARD = "gnu++14";
				CLANG_CXX_LIBRARY = "libc++";
				CLANG_ENABLE_MODULES = YES;
				CLANG_ENABLE_OBJC_ARC = YES;
				CLANG_ENABLE_OBJC_WEAK = YES;
				CLANG_WARN_BLOCK_CAPTURE_AUTORELEASING = YES;
				CLANG_WARN_BOOL_CONVERSION = YES;
				CLANG_WARN_COMMA = YES;
				CLANG_WARN_CONSTANT_CONVERSION = YES;
				CLANG_WARN_DEPRECATED_OBJC_IMPLEMENTATIONS = YES;
				CLANG_WARN_DIRECT_OBJC_ISA_USAGE = YES_ERROR;
				CLANG_WARN_DOCUMENTATION_COMMENTS = YES;
				CLANG_WARN_EMPTY_BODY = YES;
				CLANG_WARN_ENUM_CONVERSION = YES;
				CLANG_WARN_INFINITE_RECURSION = YES;
				CLANG_WARN_INT_CONVERSION = YES;
				CLANG_WARN_NON_LITERAL_NULL_CONVERSION = YES;
				CLANG_WARN_OBJC_IMPLICIT_RETAIN_SELF = YES;
				CLANG_WARN_OBJC_LITERAL_CONVERSION = YES;
				CLANG_WARN_OBJC_ROOT_CLASS = YES_ERROR;
				CLANG_WARN_RANGE_LOOP_ANALYSIS = YES;
				CLANG_WARN_STRICT_PROTOTYPES = YES;
				CLANG_WARN_SUSPICIOUS_MOVE = YES;
				CLANG_WARN_UNGUARDED_AVAILABILITY = YES_AGGRESSIVE;
				CLANG_WARN_UNREACHABLE_CODE = YES;
				CLANG_WARN__DUPLICATE_METHOD_MATCH = YES;
				CODE_SIGN_IDENTITY = "iPhone Developer";
				COPY_PHASE_STRIP = NO;
				DEBUG_INFORMATION_FORMAT = "dwarf-with-dsym";
				ENABLE_NS_ASSERTIONS = NO;
				ENABLE_STRICT_OBJC_MSGSEND = YES;
				GCC_C_LANGUAGE_STANDARD = gnu11;
				GCC_NO_COMMON_BLOCKS = YES;
				GCC_WARN_64_TO_32_BIT_CONVERSION = YES;
				GCC_WARN_ABOUT_RETURN_TYPE = YES_ERROR;
				GCC_WARN_UNDECLARED_SELECTOR = YES;
				GCC_WARN_UNINITIALIZED_AUTOS = YES_AGGRESSIVE;
				GCC_WARN_UNUSED_FUNCTION = YES;
				GCC_WARN_UNUSED_VARIABLE = YES;
				IPHONEOS_DEPLOYMENT_TARGET = 12.1;
				MTL_ENABLE_DEBUG_INFO = NO;
				MTL_FAST_MATH = YES;
				SDKROOT = iphoneos;
				SWIFT_COMPILATION_MODE = wholemodule;
				SWIFT_OPTIMIZATION_LEVEL = "-O";
				VALIDATE_PRODUCT = YES;
			};
			name = Release;
		};
		A1C28B1721E77236004E6A23 /* Debug */ = {
			isa = XCBuildConfiguration;
			baseConfigurationReference = 333EDAA7EBECDFCD561BA160 /* Pods-Kuiklass.debug.xcconfig */;
			buildSettings = {
				ASSETCATALOG_COMPILER_APPICON_NAME = AppIcon;
				CODE_SIGN_STYLE = Automatic;
				DEVELOPMENT_TEAM = 6847YQ47R6;
				INFOPLIST_FILE = Kuiklass/Info.plist;
				LD_RUNPATH_SEARCH_PATHS = (
					"$(inherited)",
					"@executable_path/Frameworks",
				);
				PRODUCT_BUNDLE_IDENTIFIER = es.anatorres.Kuiklass;
				PRODUCT_NAME = "$(TARGET_NAME)";
				SWIFT_VERSION = 4.2;
				TARGETED_DEVICE_FAMILY = "1,2";
			};
			name = Debug;
		};
		A1C28B1821E77236004E6A23 /* Release */ = {
			isa = XCBuildConfiguration;
			baseConfigurationReference = F053D44614F529D072EB8B3A /* Pods-Kuiklass.release.xcconfig */;
			buildSettings = {
				ASSETCATALOG_COMPILER_APPICON_NAME = AppIcon;
				CODE_SIGN_STYLE = Automatic;
				DEVELOPMENT_TEAM = 6847YQ47R6;
				INFOPLIST_FILE = Kuiklass/Info.plist;
				LD_RUNPATH_SEARCH_PATHS = (
					"$(inherited)",
					"@executable_path/Frameworks",
				);
				PRODUCT_BUNDLE_IDENTIFIER = es.anatorres.Kuiklass;
				PRODUCT_NAME = "$(TARGET_NAME)";
				SWIFT_VERSION = 4.2;
				TARGETED_DEVICE_FAMILY = "1,2";
			};
			name = Release;
		};
/* End XCBuildConfiguration section */

/* Begin XCConfigurationList section */
		A1C28AFF21E77234004E6A23 /* Build configuration list for PBXProject "Kuiklass" */ = {
			isa = XCConfigurationList;
			buildConfigurations = (
				A1C28B1421E77236004E6A23 /* Debug */,
				A1C28B1521E77236004E6A23 /* Release */,
			);
			defaultConfigurationIsVisible = 0;
			defaultConfigurationName = Release;
		};
		A1C28B1621E77236004E6A23 /* Build configuration list for PBXNativeTarget "Kuiklass" */ = {
			isa = XCConfigurationList;
			buildConfigurations = (
				A1C28B1721E77236004E6A23 /* Debug */,
				A1C28B1821E77236004E6A23 /* Release */,
			);
			defaultConfigurationIsVisible = 0;
			defaultConfigurationName = Release;
		};
/* End XCConfigurationList section */
	};
	rootObject = A1C28AFC21E77234004E6A23 /* Project object */;
}
